
Microsoft Visual Studio Solution File, Format Version 12.00
# Visual Studio 15
VisualStudioVersion = 15.0.34031.82
MinimumVisualStudioVersion = 10.0.40219.1
Project("{FAE04EC0-301F-11D3-BF4B-00C04F79EFBC}") = "vikigetbexists", "vikigetbexists\vikigetbexists.csproj", "{B76814F0-37E0-4989-A7C9-2D7F1898AE3E}"
EndProject
Global
	GlobalSection(SolutionConfigurationPlatforms) = preSolution
		Debug|Any CPU = Debug|Any CPU
		Release|Any CPU = Release|Any CPU
	EndGlobalSection
	GlobalSection(ProjectConfigurationPlatforms) = postSolution
		{B76814F0-37E0-4989-A7C9-2D7F1898AE3E}.Debug|Any CPU.ActiveCfg = Debug|Any CPU
		{B76814F0-37E0-4989-A7C9-2D7F1898AE3E}.Debug|Any CPU.Build.0 = Debug|Any CPU
		{B76814F0-37E0-4989-A7C9-2D7F1898AE3E}.Release|Any CPU.ActiveCfg = Release|Any CPU
		{B76814F0-37E0-4989-A7C9-2D7F1898AE3E}.Release|Any CPU.Build.0 = Release|Any CPU
	EndGlobalSection
	GlobalSection(SolutionProperties) = preSolution
		HideSolutionNode = FALSE
	EndGlobalSection
	GlobalSection(ExtensibilityGlobals) = postSolution
		SolutionGuid = {E59B31E9-01FC-44B4-9741-E62A34AA6CDC}
	EndGlobalSection
EndGlobal
